
Microsoft Visual Studio Solution File, Format Version 12.00
# Visual Studio Version 17
VisualStudioVersion = 17.2.32602.215
MinimumVisualStudioVersion = 10.0.40219.1
Project("{FAE04EC0-301F-11D3-BF4B-00C04F79EFBC}") = "StrategyPattern", "Src\Strategy\StrategyPattern\StrategyPattern.csproj", "{B1ECB92A-72AC-4745-947B-A18B51D4138A}"
EndProject
Project("{FAE04EC0-301F-11D3-BF4B-00C04F79EFBC}") = "TestPatterns", "Src\ConsoleApp\TestPatterns\TestPatterns.csproj", "{4E7A1B61-BF6D-4492-A574-8F5A30676592}"
EndProject
Global
	GlobalSection(SolutionConfigurationPlatforms) = preSolution
		Debug|Any CPU = Debug|Any CPU
		Release|Any CPU = Release|Any CPU
	EndGlobalSection
	GlobalSection(ProjectConfigurationPlatforms) = postSolution
		{B1ECB92A-72AC-4745-947B-A18B51D4138A}.Debug|Any CPU.ActiveCfg = Debug|Any CPU
		{B1ECB92A-72AC-4745-947B-A18B51D4138A}.Debug|Any CPU.Build.0 = Debug|Any CPU
		{B1ECB92A-72AC-4745-947B-A18B51D4138A}.Release|Any CPU.ActiveCfg = Release|Any CPU
		{B1ECB92A-72AC-4745-947B-A18B51D4138A}.Release|Any CPU.Build.0 = Release|Any CPU
		{4E7A1B61-BF6D-4492-A574-8F5A30676592}.Debug|Any CPU.ActiveCfg = Debug|Any CPU
		{4E7A1B61-BF6D-4492-A574-8F5A30676592}.Debug|Any CPU.Build.0 = Debug|Any CPU
		{4E7A1B61-BF6D-4492-A574-8F5A30676592}.Release|Any CPU.ActiveCfg = Release|Any CPU
		{4E7A1B61-BF6D-4492-A574-8F5A30676592}.Release|Any CPU.Build.0 = Release|Any CPU
	EndGlobalSection
	GlobalSection(SolutionProperties) = preSolution
		HideSolutionNode = FALSE
	EndGlobalSection
	GlobalSection(ExtensibilityGlobals) = postSolution
		SolutionGuid = {E7FB6AAA-B287-4B6B-BDAB-0CE77E05798D}
	EndGlobalSection
EndGlobal
