
Microsoft Visual Studio Solution File, Format Version 12.00
# Visual Studio Version 17
VisualStudioVersion = 17.2.32602.215
MinimumVisualStudioVersion = 10.0.40219.1
Project("{9A19103F-16F7-4668-BE54-9A1E7A4F7556}") = "StrategyPattern", "Src\StrategyPattern\StrategyPattern.csproj", "{BCFAECA4-322D-45A5-AAB1-0AEA796645FE}"
EndProject
Project("{9A19103F-16F7-4668-BE54-9A1E7A4F7556}") = "TestPatterns", "Src\TestPatterns\TestPatterns.csproj", "{29DF2167-62C0-4BE0-BC1A-ED76A75E013E}"
EndProject
Project("{FAE04EC0-301F-11D3-BF4B-00C04F79EFBC}") = "ObserverPattern", "Src\ObserverPattern\ObserverPattern.csproj", "{A11BB6C7-F4AE-445C-AC8A-7FBA349F62C0}"
EndProject
Global
	GlobalSection(SolutionConfigurationPlatforms) = preSolution
		Debug|Any CPU = Debug|Any CPU
		Release|Any CPU = Release|Any CPU
	EndGlobalSection
	GlobalSection(ProjectConfigurationPlatforms) = postSolution
		{BCFAECA4-322D-45A5-AAB1-0AEA796645FE}.Debug|Any CPU.ActiveCfg = Debug|Any CPU
		{BCFAECA4-322D-45A5-AAB1-0AEA796645FE}.Debug|Any CPU.Build.0 = Debug|Any CPU
		{BCFAECA4-322D-45A5-AAB1-0AEA796645FE}.Release|Any CPU.ActiveCfg = Release|Any CPU
		{BCFAECA4-322D-45A5-AAB1-0AEA796645FE}.Release|Any CPU.Build.0 = Release|Any CPU
		{29DF2167-62C0-4BE0-BC1A-ED76A75E013E}.Debug|Any CPU.ActiveCfg = Debug|Any CPU
		{29DF2167-62C0-4BE0-BC1A-ED76A75E013E}.Debug|Any CPU.Build.0 = Debug|Any CPU
		{29DF2167-62C0-4BE0-BC1A-ED76A75E013E}.Release|Any CPU.ActiveCfg = Release|Any CPU
		{29DF2167-62C0-4BE0-BC1A-ED76A75E013E}.Release|Any CPU.Build.0 = Release|Any CPU
		{A11BB6C7-F4AE-445C-AC8A-7FBA349F62C0}.Debug|Any CPU.ActiveCfg = Debug|Any CPU
		{A11BB6C7-F4AE-445C-AC8A-7FBA349F62C0}.Debug|Any CPU.Build.0 = Debug|Any CPU
		{A11BB6C7-F4AE-445C-AC8A-7FBA349F62C0}.Release|Any CPU.ActiveCfg = Release|Any CPU
		{A11BB6C7-F4AE-445C-AC8A-7FBA349F62C0}.Release|Any CPU.Build.0 = Release|Any CPU
	EndGlobalSection
	GlobalSection(SolutionProperties) = preSolution
		HideSolutionNode = FALSE
	EndGlobalSection
	GlobalSection(ExtensibilityGlobals) = postSolution
		SolutionGuid = {E7FB6AAA-B287-4B6B-BDAB-0CE77E05798D}
	EndGlobalSection
EndGlobal
